{
  "version": 4,
  "terraform_version": "1.7.1",
  "serial": 46,
  "lineage": "91de9b1c-194a-876e-6a14-b476d422ce67",
  "outputs": {},
  "resources": [
    {
      "mode": "managed",
      "type": "azurerm_bastion_host",
      "name": "azure-bastion",
      "provider": "provider[\"registry.terraform.io/hashicorp/azurerm\"]",
      "instances": [
        {
          "schema_version": 0,
          "attributes": {
            "copy_paste_enabled": true,
            "dns_name": "bst-efdc1c38-8053-461d-b149-29204bf144eb.bastion.azure.com",
            "file_copy_enabled": false,
            "id": "/subscriptions/e552225f-29e7-4e9b-bcc1-a1b948e8d004/resourceGroups/rg-private-aks-demo/providers/Microsoft.Network/bastionHosts/azure-bastion",
            "ip_configuration": [
              {
                "name": "configuration",
                "public_ip_address_id": "/subscriptions/e552225f-29e7-4e9b-bcc1-a1b948e8d004/resourceGroups/rg-private-aks-demo/providers/Microsoft.Network/publicIPAddresses/pip-azure-bastion",
                "subnet_id": "/subscriptions/e552225f-29e7-4e9b-bcc1-a1b948e8d004/resourceGroups/rg-private-aks-demo/providers/Microsoft.Network/virtualNetworks/vnet-bastion-demo/subnets/AzureBastionSubnet"
              }
            ],
            "ip_connect_enabled": false,
            "location": "westeurope",
            "name": "azure-bastion",
            "resource_group_name": "rg-private-aks-demo",
            "scale_units": 2,
            "shareable_link_enabled": false,
            "sku": "Basic",
            "tags": null,
            "timeouts": null,
            "tunneling_enabled": false
          },
          "sensitive_attributes": [],
          "private": "eyJlMmJmYjczMC1lY2FhLTExZTYtOGY4OC0zNDM2M2JjN2M0YzAiOnsiY3JlYXRlIjoxODAwMDAwMDAwMDAwLCJkZWxldGUiOjE4MDAwMDAwMDAwMDAsInJlYWQiOjMwMDAwMDAwMDAwMCwidXBkYXRlIjoxODAwMDAwMDAwMDAwfX0=",
          "dependencies": [
            "azurerm_public_ip.pip_azure_bastion",
            "azurerm_resource_group.my_rg",
            "azurerm_subnet.snet_azure_bastion_service",
            "azurerm_virtual_network.vnet_bastion"
          ]
        }
      ]
    },
    {
      "mode": "managed",
      "type": "azurerm_kubernetes_cluster",
      "name": "my_aks",
      "provider": "provider[\"registry.terraform.io/hashicorp/azurerm\"]",
      "instances": [
        {
          "schema_version": 2,
          "attributes": {
            "aci_connector_linux": [],
            "api_server_access_profile": [
              {
                "authorized_ip_ranges": [],
                "subnet_id": "",
                "vnet_integration_enabled": false
              }
            ],
            "api_server_authorized_ip_ranges": [],
            "auto_scaler_profile": [],
            "automatic_channel_upgrade": "",
            "azure_active_directory_role_based_access_control": [],
            "azure_policy_enabled": null,
            "confidential_computing": [],
            "default_node_pool": [
              {
                "capacity_reservation_group_id": "",
                "custom_ca_trust_enabled": false,
                "enable_auto_scaling": false,
                "enable_host_encryption": false,
                "enable_node_public_ip": false,
                "fips_enabled": false,
                "host_group_id": "",
                "kubelet_config": [],
                "kubelet_disk_type": "OS",
                "linux_os_config": [],
                "max_count": 0,
                "max_pods": 110,
                "message_of_the_day": "",
                "min_count": 0,
                "name": "default",
                "node_count": 1,
                "node_labels": {},
                "node_network_profile": [],
                "node_public_ip_prefix_id": "",
                "node_taints": null,
                "only_critical_addons_enabled": false,
                "orchestrator_version": "1.27.7",
                "os_disk_size_gb": 128,
                "os_disk_type": "Managed",
                "os_sku": "Ubuntu",
                "pod_subnet_id": "",
                "proximity_placement_group_id": "",
                "scale_down_mode": "Delete",
                "tags": null,
                "temporary_name_for_rotation": "",
                "type": "VirtualMachineScaleSets",
                "ultra_ssd_enabled": false,
                "upgrade_settings": [],
                "vm_size": "Standard_D2_v2",
                "vnet_subnet_id": "/subscriptions/e552225f-29e7-4e9b-bcc1-a1b948e8d004/resourceGroups/rg-private-aks-demo/providers/Microsoft.Network/virtualNetworks/vnet-private-aks-demo/subnets/snet-private-aks-demo",
                "workload_runtime": "",
                "zones": null
              }
            ],
            "disk_encryption_set_id": "",
            "dns_prefix": "aks-cluster",
            "dns_prefix_private_cluster": "",
            "edge_zone": "",
            "enable_pod_security_policy": false,
            "fqdn": "",
            "http_application_routing_enabled": null,
            "http_application_routing_zone_name": null,
            "http_proxy_config": [],
            "id": "/subscriptions/e552225f-29e7-4e9b-bcc1-a1b948e8d004/resourceGroups/rg-private-aks-demo/providers/Microsoft.ContainerService/managedClusters/aks-private-cluster",
            "identity": [],
            "image_cleaner_enabled": false,
            "image_cleaner_interval_hours": 48,
            "ingress_application_gateway": [],
            "key_management_service": [],
            "key_vault_secrets_provider": [],
            "kube_admin_config": [],
            "kube_admin_config_raw": "",
            "kube_config": [
              {
                "client_certificate": "LS0tLS1CRUdJTiBDRVJUSUZJQ0FURS0tLS0tCk1JSUZIakNDQXdhZ0F3SUJBZ0lSQUxXRkJLMy9ueEtYT3ZMTG5ydDFUblV3RFFZSktvWklodmNOQVFFTEJRQXcKRFRFTE1Ba0dBMVVFQXhNQ1kyRXdIaGNOTWpRd01qQXhNRFV5TkRNeVdoY05Nall3TWpBeE1EVXpORE15V2pBdwpNUmN3RlFZRFZRUUtFdzV6ZVhOMFpXMDZiV0Z6ZEdWeWN6RVZNQk1HQTFVRUF4TU1iV0Z6ZEdWeVkyeHBaVzUwCk1JSUNJakFOQmdrcWhraUc5dzBCQVFFRkFBT0NBZzhBTUlJQ0NnS0NBZ0VBeFFxZ0hjMUJPaTdZeFBMQTY2ek8KR2NpL2QzNklDNmNUMm1OZGxOU0pycWQ1MDBvU2N5ajRTYkpCYVlJU1hzbGhSZzhQbkFhSWVBTCszSFVXeWtlTApxSmdHZnIzVU1GZkVUTktVdUo1UGg5Y0lXR3cyaFdhSXVkem9nU2Rpc21qemNVM1lYZEJ2RjJtUTBOaTJ4RGw5Ckp6c3VBUmgxMURxVXZNY1JTVmZKSlJGWWwzRS9ISzgvb3paT1F5S3Z1dkZrb1E3Q1hpMWw2K1cwTGJ3bG0xMW0KczFiM3hpVFpWb2dwRUlHZTE5NUdGcTFOZTF0N2FXMVFvMjgrc3JKVmxqZTZESzBBRVFHdjQ1ZnBBMkw4UUhoOApjNnIrYUNpWUFiY0FyTitkOHd0cGFpRDM2MlZXK2xiRTZFVXBWVVl6S3ZKZlVHaFdncHFjWUdGdnRMdzhIOGZvCkV4S0N2U1VNaWZZQzlTMGVMR2x2MXNzN2M3ZVBLbGRkcUs0cnFoQzlPN3hPQmhueWtaTzdROXRZSWRyOXRWWTEKaERaMGxmb0JMMHpsNmt2TW5DWVdENElSYjg2Rmx0WDFxc2NUc1BSZjcyeElGV3FTdGE2QkFISlkreHJiQVZmMwpyM285OUxESU01emVOTjlPR3NHSFZnUnZKRUh2cjVoakZmUTFiREtTc2tLbUQyYnBTNEZoOEpPdGpTRjgzVEJNClBPR3hWYzY0Z090VTdBZzRieU1CMndodlE3L0s1ZHlhamVOOHJPODQxOGF4T3RlTkIybG80WEtOVHZna0w3ZUcKNThUVzVHK21zWjJ1SE1PekZnSE5jTERoNXFTK2dwRW5NN3BFdHRaVlJkZDl4TGYxY1dLTDNoRExNalBRQ0poeQo1MWpqWFF1OEM0clpnb3FKOUQwL0VTOENBd0VBQWFOV01GUXdEZ1lEVlIwUEFRSC9CQVFEQWdXZ01CTUdBMVVkCkpRUU1NQW9HQ0NzR0FRVUZCd01DTUF3R0ExVWRFd0VCL3dRQ01BQXdId1lEVlIwakJCZ3dGb0FVUzBtR0MwcWQKOFVHaTFROWFCWklkWHdZaDJnQXdEUVlKS29aSWh2Y05BUUVMQlFBRGdnSUJBQ0NFS2VoY0RTOWJlc2J2RUlqbgpsb2FsUDM2TnpxRE9oU3diYjRuWkRxTEl4WkthUjBDc1A0U2FCZUcvbkl4czd3eGF4YmNYMmZxKzRqOXFlK1NzCkoyWXU3aWZCVFNqaU9oaDJzY1UyU2NJLzhRQ0pwOXpxV3d3b2Q0bytjc0hKUXVVQXJJWVg1YlNTRG03UUhhZEEKSCtVOXhuQ3J4SUF5bHAzNGtmdTRHM1VhTSthWHFreFlvT3NtWVNJTWlWaHBBL0FLS3k4NVVWa0ZhbjN0Nmk1cQpDMko5SzN1UzdpUmRjdmdkbXlrbkkxU3BILytUSHNUbmRxYlhJYjRlemJWcUtNa1ZDMGoxQ0hHOXlOVGpHbHFRCnpoY0xLT1pWVTBlRzE5L1pOYVQzdFFEbXFtWnZYbHVoUnZwNXArbGVteWdBRUxtSm96T2xhU21yRE04aVlzVVQKU3cvZFdoeG8wTGNQMUZQMStNNncwejByN2k1TVRFb0Fwd1R5QTZPU1VNSlpJVXhSV3Qwdmhoa3pRMU9vSE4zTwovTkJmNGg4cUV2dHQwT3V0UFNtOFpYZWtqNktrNk93SGlqOXRpbWFRR0N3WlhzamdlemI1ZHZZaVRicTQ2TTlLCmExbjFLcmNUS1BUaVN4Nk9hY1hwaDI3cldUYWtnR3pXc3M3bFpWZnYwTldMZ3dwczkrRUVoSWl3UWlKWHRuQXEKTnhpWEd3Z1NqZ1JRYXhBd2JNR0hBRHkxdzJRUkF0WFoyWkRiQ0lpVWNCUll1TllONzdpVDJseDMyNktuRGlwdgpyZGVwc2ZkM3AzVkJnbDdZQTVSc2hROWVRL1dHeUxyN1lFeTh6VzIxeTNOM29obnExSUpkcFh2ZmdwVURGcnVWCm9yakNFREdkQ3pOaWd0QTZIbmp3dndsQwotLS0tLUVORCBDRVJUSUZJQ0FURS0tLS0tCg==",
                "client_key": "LS0tLS1CRUdJTiBSU0EgUFJJVkFURSBLRVktLS0tLQpNSUlKS0FJQkFBS0NBZ0VBeFFxZ0hjMUJPaTdZeFBMQTY2ek9HY2kvZDM2SUM2Y1QybU5kbE5TSnJxZDUwMG9TCmN5ajRTYkpCYVlJU1hzbGhSZzhQbkFhSWVBTCszSFVXeWtlTHFKZ0dmcjNVTUZmRVROS1V1SjVQaDljSVdHdzIKaFdhSXVkem9nU2Rpc21qemNVM1lYZEJ2RjJtUTBOaTJ4RGw5SnpzdUFSaDExRHFVdk1jUlNWZkpKUkZZbDNFLwpISzgvb3paT1F5S3Z1dkZrb1E3Q1hpMWw2K1cwTGJ3bG0xMW1zMWIzeGlUWlZvZ3BFSUdlMTk1R0ZxMU5lMXQ3CmFXMVFvMjgrc3JKVmxqZTZESzBBRVFHdjQ1ZnBBMkw4UUhoOGM2cithQ2lZQWJjQXJOK2Q4d3RwYWlEMzYyVlcKK2xiRTZFVXBWVVl6S3ZKZlVHaFdncHFjWUdGdnRMdzhIOGZvRXhLQ3ZTVU1pZllDOVMwZUxHbHYxc3M3YzdlUApLbGRkcUs0cnFoQzlPN3hPQmhueWtaTzdROXRZSWRyOXRWWTFoRFowbGZvQkwwemw2a3ZNbkNZV0Q0SVJiODZGCmx0WDFxc2NUc1BSZjcyeElGV3FTdGE2QkFISlkreHJiQVZmM3Izbzk5TERJTTV6ZU5OOU9Hc0dIVmdSdkpFSHYKcjVoakZmUTFiREtTc2tLbUQyYnBTNEZoOEpPdGpTRjgzVEJNUE9HeFZjNjRnT3RVN0FnNGJ5TUIyd2h2UTcvSwo1ZHlhamVOOHJPODQxOGF4T3RlTkIybG80WEtOVHZna0w3ZUc1OFRXNUcrbXNaMnVITU96RmdITmNMRGg1cVMrCmdwRW5NN3BFdHRaVlJkZDl4TGYxY1dLTDNoRExNalBRQ0poeTUxampYUXU4QzRyWmdvcUo5RDAvRVM4Q0F3RUEKQVFLQ0FnRUF1RlJwVjVmVmhsV2U2aGZpakZiYmM5bU43SDZOVE1GZlhEVUtyWmxxdDkzcXBOT3RrTmZwOWg5dworLy8zcVg2Z3BrYWVwcXFoN2d0M1dzdWFwMTdvOHE1Tm5URittRDd5MzU4OEM3M2x6c0ZHQ0Zvcll2NTV0ODVHCkg5UzFpd3VOZWhpRjZiVjh4NTAxSVhzcTkwU0VwVGZDb0xtK09PMFlpY1Y4a1cwek9aOFJqcE1kcEhyNWdIamsKSEFBTi8wZWxpTm5pMFBHTllISkI3V3NPajFxQUloT2d0VmR4am5iUVc2VzI4R0Q2bG1wSGlyZ1pLcFplRXBhVwpROXQ3SDQxQVdtMVpHNC9GZUpkN0gzVHhZR3FXbWlxRDF2THF5T2ZuRk5JWTArNkFEZzJMZ0VZTWFTTFZFQ2pyCk10LzZMQm9UT29oeExicnZ3V1pGZHdHRkNZSWN3bHUrb01aWHViWEdNWjJkMWM3UDZmaGdLM1FrY2hhQXlEeC8KOW1ETGpldm1yb1o1d1ZIcjQ4dEhvYktlZE8zc3pPUXZaUlBGcW9DcDBGdHAzeU1GTXRxOWc4cGxUeWI1eE5yVQpvd3JDRlpndUgzZ3h0YjBjWlRuMExzNEVTTUo4cG1iU0E3WFNXeXdNN2VZTWdyQy85Um9iNVUyajg3QWxpRjJVCldzaC9oaUlPek5MR0h2bG9yT1ZDUjJTL1VHRFlIMHZMTDRjcVhzeFpGS0REYmRDMTF6NHJJbTkvTWtoREtyVXcKOGdWZmIySjdBL3dyaXU1aFRob01wbHg0UTZtSTBlZVRUS2hzeFcyZjBHeFJOOU1oNkRGbzc4QzRqaVR2cDZYUAp5cWMyZmptbDYzODZ2WThHdlQ5M0FnNGxFTnpYbFRBQ2ora0F2aHZaUnNpeFIvakdsQ0VDZ2dFQkFQeHhDYTdOCjc2dllUbFczek9Fem82amtKZlRmTURtS1hva3RzQXZQZk56Q1Robkh2U2srQVVGSS9RT2dPNm8waDcwaUhPRFQKUHZnMUNVYkFsRmFhZS9yV3BLZGdmNXM2VzRjZTJML1FWb3RPdHdwMHI4UUxrLzdQTHBNalh2QlRwd3NiWllobQpGczBXbTg5RHAyZlo3dzNUWGVJSS8vOVNSdXA4WUYxU0pxYk45QmNNUnVpNWZJNzQ1VEdLVmlKMUhSdUQ4d0hICjFFUEZmZkNZTGIyZUtyMlBsdEt4TFl0ZzBtaGdsSmdjZFBjVDJiYWVNbHAzSzcxVmJCZVNjTkJQb2p0cC9MdWkKSW1hR3Y3Z0psc3Q3enUxRXVVclpIV1lVMm9Rd3U2WHM3am56REhVSnFaVEp3bjZHVVNPYUxDUEFkRGY1ZnQ4cAoxQ0ZGbTZxRHRrUXVoTjhDZ2dFQkFNZlJxN0QzdU9DNnphUS9UZ1YwQzNMRk1GSkpJYndKeVR3eDVXd1QvSlVDClpBM3BmK2h3dDhycFd1Zk8wWjdOUkxVSUY2K1FUQ0FMUlltSmIvRDRLY3lFZkdrUFhPc2lGRk5ydnBMeSs0enoKUmhiS0V0VG1VQnc2eGV0YzNOU1RVcUhNcy83TWFQanF2bThoSGQzd28wbVpFMlVhVWRTMmRzZExmSEhQUmFQMwpSeDZoSXgwRVJjL1NSVVhNWGRMbWF5dzQxcE01MEZrMTNDazBkTjgwYWJ6aTFvcWIwYkxiVi80R0RqZWxaRUI5Cnc2UmZuUzFURzJ4Y0hhNW4xSzhOYjB5WldtSFhQeXdidmg1ZjA2WXFzNkpkQmVTNVlIeENFN1Q1MkNrRUp0eGgKSVdmaTUzT01TSkVDMmxYNXJidEtwQWpYcWFmVjNscDRDMExaKzRHR0xiRUNnZ0VBZmNpWktZZWxaM3ZsTkdMYgo3RTU5dXJiTGp1THl0WWtUcDhpakVvOTFTTTVzZWY0RGJCeGdKYmFIazVud2dOT2gyd1MzWFBNRlNrbXE4SjBlCmpMUjNHRHFCV29FRHRFWDB1elFNamk3eUlJRzlSTEYxcnZxUjZJSTFVODFwRGRpd3dDRUxpMVpMQUMvR3ZSU1oKd201ZDVnYXVuZVVjSVkxT2xxSVlwZ2M4Q1J0UUIzZnZrU0J6Unc0UHJZcWZkcFhpUmdhT1BCSGsyMHY1Zjd0ago5enByVTM3TGlQb05sb2hNN3dOSXB5NXV2WG9mbmhYZlF5SmtJZmdCWHhGeHN1b3JETzIzcDRxWEYzMEc1RjJxCnpJTkpUUUpVVFU0M2p0alBOTlRQZTFLK05STzgza2hOUGp6MTgzTmIxS0NLWTlvT1RxRzdyTmk3d1VSYzF5Ni8KeitOYUF3S0NBUUJRM3M3NkJJaFNpOGdHblloYU5La2RmaWtjWkhTK3djY3NFWldrdEVJWm5Lb1o1MUxaSkNWKwpmZ3RJbmkvQWNadEpHVWxjeUszR21raytiTjFkVFZLOWJ6RmE0OWpiWVNPUXo1NkZvc21rTmlFN3YvVDNMVzltCnZYSzAyeFNWQkRzQk9QUHdQNUtNaTVVZkxPd0Zrd3JERXEwQzBqQWtRdVMzckJsbGhsbk5EcHMrRGtGRDBTTGcKQlYzNzdjWmJRTjVITzRtOGREMmFuVzNKVDIydG1HempBWHVMQloxTklmRHU0a3lHd08xZUhJZzkwbVN1bjJBTgo3d29rTittZ0gzUFlNSWlmNkptc3BGM0J0VTdYaFpqR01aZmRCaG5Dc0l1QlIwenc3TGs5b0NJQkJaaGU3M3UvCkZNU0EzMWdzNFB5YWg0NG1XeXh1dVA3MXczdEM1S2RCQW9JQkFIQnVUTndTdE1LUXd3ZHNmcGlscDJSOEtDUTQKQlFtckl6OCs0YXUrWmRUT3llOUxDcUJHbm41L3ppVlFIeU0wWDJ3ZGhWYUxzeHZaN3BrT01mYVVtaFM3VDZzOQpkTzlxYWZaekI5V3pRRDMyK0VaV2lmQXRBQlBZTGJCTFRocWkvaWhUcWVrRytvc2Rwb1lHRXowTjRHS09kNnowCmh1Z1BSQlR1RGEveWRiT1Vub1dUeWtWTjZhZjFxYmNUSTh6K2JHUHRiMThFT0MxSFo4WFQzQlEwSnBhMlc2bG4KSVYzTlRjQkRBSkV2QlR0SXBkMTh6SCtzQUlWeWsxUTlEOFVHSDZOYjNnbXpZaEs5eEN3dloyK1ZURUpoQlRCZAp5c3U5UFpiY1VUN0tDNzBrNk5tSGE5ZUdaUHBQOVRlMWZTaFhsR0trelNwT0NUb1hBT29MR3Myb2FWST0KLS0tLS1FTkQgUlNBIFBSSVZBVEUgS0VZLS0tLS0K",
                "cluster_ca_certificate": "LS0tLS1CRUdJTiBDRVJUSUZJQ0FURS0tLS0tCk1JSUU2VENDQXRHZ0F3SUJBZ0lSQUt3d0c0RVRmbWNtRlpIMnJpQUxLR3d3RFFZSktvWklodmNOQVFFTEJRQXcKRFRFTE1Ba0dBMVVFQXhNQ1kyRXdJQmNOTWpRd01qQXhNRFV5TkRNeVdoZ1BNakExTkRBeU1ERXdOVE0wTXpKYQpNQTB4Q3pBSkJnTlZCQU1UQW1OaE1JSUNJakFOQmdrcWhraUc5dzBCQVFFRkFBT0NBZzhBTUlJQ0NnS0NBZ0VBCjI1S2dHMGpyZy9EemZnaEhoWjlMTnAvOTRmTjRhNHBFL2txME9IVnVMV0dFcFZvaDVZbmZ3cm5seWlGbXZHYTEKZDNtK0NkZ3E0bWt4NDVuc3FrMm80Y25vZW10Vk4xTThJSHh4ZnJZTHBMQ1VSNVUvaHRmemdUKzBXZGtLTWNLSAp3d1JieS9FendSMFFWNFdjVzgvRFVpRkFGa2h2dkFIZnp3OGszQXhLQ095V3BjWU1hVzJNbEx6NktneUFBU1ZCCkdpeUtIUEM2bXlvaXNUbjg2RkxRa3ZTT1hjd0N6WVpQVytURWtGOE5KbTVHQkVsQXNUcmxHMWtubmQybUVIa1gKaHp4NEJJaEtCTUxMaEJheW96SWV4c0UvSHJwVVdGNWJEZmFYY09jNVl3NTdFendMYVFWN2F3c1RsVHN6dUNkVgpPK3RtQURQc2tmQWpBOFVBdHRobmVhcDZnK0dEWGliek5UbjRJb2FicldqSGZra05NYkZteEJUZUNYVzlNaktDCll0UllhWU4raUJaWUREeDBLYkxTOWFaaitHWk1KVG52OFJXaldSQkVsUVRCZU1ZeVFRam1xdWJZNjRvQ1lJdm8KNFNRSkxRcUVsMW5TMlJsdlZWMlhkQVB1VzAxZ1RoMzdaQTByNFBnWFZ1cjZzdXAxZzNtN1phTWFiblA3dVdaSQpGSkZkV1Fjb2JxVWQyT29hN1didXpkZnU1Wk5tWXUycEwrU0Jxa1hBVElKKzZqd2tpUkJZcWdqU3BtdCs5Q09MCnhDNWNpWFZGdFkyOEhWd2hFSHpSWjVTaTd4WTFKbjdCREFJcWtWUCt6M0ZnWXpRdzdWUm5mak9LeEtwOWlmR1MKcEFwcWZtZCsvV2NNWGhKQUZadG56TzFCbEI3WERhdkcyWk9UeUI3M2lXVUNBd0VBQWFOQ01FQXdEZ1lEVlIwUApBUUgvQkFRREFnS2tNQThHQTFVZEV3RUIvd1FGTUFNQkFmOHdIUVlEVlIwT0JCWUVGRXRKaGd0S25mRkJvdFVQCldnV1NIVjhHSWRvQU1BMEdDU3FHU0liM0RRRUJDd1VBQTRJQ0FRQnI3YXU1WExybXlRVmxYa0h1a2p6UEtSdWIKTUZDNnlMMFQ0U1REOHNwSVlRVWZtalBOdWtITk5zZyttcnFocHMzdGIxU05DYXlzamVmZzZJNXhCaUdsbW4vWApiaGtBTkVJZ1pFZDVoTmRWTGo3UWkyN0wzdkFNNkg1RWZNQnJLcVFLYXRuWnFKeDdkMlVnaFJxZzlHeTVOc25uCjlkaDYvVUtCb0tVS2xVQzNFWmxMYWlSTHJ2ejVuVEFOZnJ2bHUraGFIbElvdDdGQm45aVF6QzEwb3MvblYxdmoKZHdpVllHS0dSeEs0YVU4U1lvT1MvR3o3Wkp1ZzVwcVJQVzFBWG8xTjhhRTRiR0tyRjhKWkxzZjlPSThZUlZCagphN01tdTNSZHNHOGRMMTE5bDc3TFc1Z3NKb2NBb2NrQVBnbkVSUDM3RkJ5RkZ1QllhZnl0WjZDeWNkZ25MNmNxClF2YjNOK2dqaXZrYW9oTzZkRzNCazZ3dHhCajBFR21zOE5CTzVVSWFXQjBSUjFJeUQyRjdIVUVmUnRlRG9QRm0KWEZBYkFtY25LMzN4VE5kcXd2bVFIOThSTDJ2S2p0OXZYSFlwRklneHVBUE9jMDlhWlRvM1RZRWhUNGJmVkI2NAp1MkpHSmVpWUZ5Si9JdG44eG9KMitiWHRTcmY0dTU2b09iYVBXQ1gwRkFQVGZsWFVqSmpUcHVMQnhWejhxT2tkCmYzWXZkcmw5b0N5UWEvUzdOblN4QnFkNWN0Z2x5TW4wajJTVEFZZ0t5ZEFHckFtOFgxVTR3byt4Skc2ZS9QNlQKV2xNNUZxNUhPWndTTUxJUVpBRzNMenNPSmRjS1N0UWRaa2dVd0R4cFduMVIvRDVBOXIvVmkrSlF5TCtsaExOcwoxSHJiZjRaNkpGNElaWkdzVGc9PQotLS0tLUVORCBDRVJUSUZJQ0FURS0tLS0tCg==",
                "host": "https://aks-cluster-ue5s1cb6.cb0aaf84-a438-46ea-b7f5-29f991243e08.privatelink.westeurope.azmk8s.io:443",
                "password": "8kf108hzkl8kt5wtzt7t3glsap4ho3fmb8hro206oxtblsxc15tvddpimxqb611z1tht4wx7nr8rk2raok64r3i57oqrvm61u92b47scv4n9zlpchizu9nhzz0n3c2zn",
                "username": "clusterUser_rg-private-aks-demo_aks-private-cluster"
              }
            ],
            "kube_config_raw": "apiVersion: v1\nclusters:\n- cluster:\n    certificate-authority-data: LS0tLS1CRUdJTiBDRVJUSUZJQ0FURS0tLS0tCk1JSUU2VENDQXRHZ0F3SUJBZ0lSQUt3d0c0RVRmbWNtRlpIMnJpQUxLR3d3RFFZSktvWklodmNOQVFFTEJRQXcKRFRFTE1Ba0dBMVVFQXhNQ1kyRXdJQmNOTWpRd01qQXhNRFV5TkRNeVdoZ1BNakExTkRBeU1ERXdOVE0wTXpKYQpNQTB4Q3pBSkJnTlZCQU1UQW1OaE1JSUNJakFOQmdrcWhraUc5dzBCQVFFRkFBT0NBZzhBTUlJQ0NnS0NBZ0VBCjI1S2dHMGpyZy9EemZnaEhoWjlMTnAvOTRmTjRhNHBFL2txME9IVnVMV0dFcFZvaDVZbmZ3cm5seWlGbXZHYTEKZDNtK0NkZ3E0bWt4NDVuc3FrMm80Y25vZW10Vk4xTThJSHh4ZnJZTHBMQ1VSNVUvaHRmemdUKzBXZGtLTWNLSAp3d1JieS9FendSMFFWNFdjVzgvRFVpRkFGa2h2dkFIZnp3OGszQXhLQ095V3BjWU1hVzJNbEx6NktneUFBU1ZCCkdpeUtIUEM2bXlvaXNUbjg2RkxRa3ZTT1hjd0N6WVpQVytURWtGOE5KbTVHQkVsQXNUcmxHMWtubmQybUVIa1gKaHp4NEJJaEtCTUxMaEJheW96SWV4c0UvSHJwVVdGNWJEZmFYY09jNVl3NTdFendMYVFWN2F3c1RsVHN6dUNkVgpPK3RtQURQc2tmQWpBOFVBdHRobmVhcDZnK0dEWGliek5UbjRJb2FicldqSGZra05NYkZteEJUZUNYVzlNaktDCll0UllhWU4raUJaWUREeDBLYkxTOWFaaitHWk1KVG52OFJXaldSQkVsUVRCZU1ZeVFRam1xdWJZNjRvQ1lJdm8KNFNRSkxRcUVsMW5TMlJsdlZWMlhkQVB1VzAxZ1RoMzdaQTByNFBnWFZ1cjZzdXAxZzNtN1phTWFiblA3dVdaSQpGSkZkV1Fjb2JxVWQyT29hN1didXpkZnU1Wk5tWXUycEwrU0Jxa1hBVElKKzZqd2tpUkJZcWdqU3BtdCs5Q09MCnhDNWNpWFZGdFkyOEhWd2hFSHpSWjVTaTd4WTFKbjdCREFJcWtWUCt6M0ZnWXpRdzdWUm5mak9LeEtwOWlmR1MKcEFwcWZtZCsvV2NNWGhKQUZadG56TzFCbEI3WERhdkcyWk9UeUI3M2lXVUNBd0VBQWFOQ01FQXdEZ1lEVlIwUApBUUgvQkFRREFnS2tNQThHQTFVZEV3RUIvd1FGTUFNQkFmOHdIUVlEVlIwT0JCWUVGRXRKaGd0S25mRkJvdFVQCldnV1NIVjhHSWRvQU1BMEdDU3FHU0liM0RRRUJDd1VBQTRJQ0FRQnI3YXU1WExybXlRVmxYa0h1a2p6UEtSdWIKTUZDNnlMMFQ0U1REOHNwSVlRVWZtalBOdWtITk5zZyttcnFocHMzdGIxU05DYXlzamVmZzZJNXhCaUdsbW4vWApiaGtBTkVJZ1pFZDVoTmRWTGo3UWkyN0wzdkFNNkg1RWZNQnJLcVFLYXRuWnFKeDdkMlVnaFJxZzlHeTVOc25uCjlkaDYvVUtCb0tVS2xVQzNFWmxMYWlSTHJ2ejVuVEFOZnJ2bHUraGFIbElvdDdGQm45aVF6QzEwb3MvblYxdmoKZHdpVllHS0dSeEs0YVU4U1lvT1MvR3o3Wkp1ZzVwcVJQVzFBWG8xTjhhRTRiR0tyRjhKWkxzZjlPSThZUlZCagphN01tdTNSZHNHOGRMMTE5bDc3TFc1Z3NKb2NBb2NrQVBnbkVSUDM3RkJ5RkZ1QllhZnl0WjZDeWNkZ25MNmNxClF2YjNOK2dqaXZrYW9oTzZkRzNCazZ3dHhCajBFR21zOE5CTzVVSWFXQjBSUjFJeUQyRjdIVUVmUnRlRG9QRm0KWEZBYkFtY25LMzN4VE5kcXd2bVFIOThSTDJ2S2p0OXZYSFlwRklneHVBUE9jMDlhWlRvM1RZRWhUNGJmVkI2NAp1MkpHSmVpWUZ5Si9JdG44eG9KMitiWHRTcmY0dTU2b09iYVBXQ1gwRkFQVGZsWFVqSmpUcHVMQnhWejhxT2tkCmYzWXZkcmw5b0N5UWEvUzdOblN4QnFkNWN0Z2x5TW4wajJTVEFZZ0t5ZEFHckFtOFgxVTR3byt4Skc2ZS9QNlQKV2xNNUZxNUhPWndTTUxJUVpBRzNMenNPSmRjS1N0UWRaa2dVd0R4cFduMVIvRDVBOXIvVmkrSlF5TCtsaExOcwoxSHJiZjRaNkpGNElaWkdzVGc9PQotLS0tLUVORCBDRVJUSUZJQ0FURS0tLS0tCg==\n    server: https://aks-cluster-ue5s1cb6.cb0aaf84-a438-46ea-b7f5-29f991243e08.privatelink.westeurope.azmk8s.io:443\n  name: aks-private-cluster\ncontexts:\n- context:\n    cluster: aks-private-cluster\n    user: clusterUser_rg-private-aks-demo_aks-private-cluster\n  name: aks-private-cluster\ncurrent-context: aks-private-cluster\nkind: Config\npreferences: {}\nusers:\n- name: clusterUser_rg-private-aks-demo_aks-private-cluster\n  user:\n    client-certificate-data: LS0tLS1CRUdJTiBDRVJUSUZJQ0FURS0tLS0tCk1JSUZIakNDQXdhZ0F3SUJBZ0lSQUxXRkJLMy9ueEtYT3ZMTG5ydDFUblV3RFFZSktvWklodmNOQVFFTEJRQXcKRFRFTE1Ba0dBMVVFQXhNQ1kyRXdIaGNOTWpRd01qQXhNRFV5TkRNeVdoY05Nall3TWpBeE1EVXpORE15V2pBdwpNUmN3RlFZRFZRUUtFdzV6ZVhOMFpXMDZiV0Z6ZEdWeWN6RVZNQk1HQTFVRUF4TU1iV0Z6ZEdWeVkyeHBaVzUwCk1JSUNJakFOQmdrcWhraUc5dzBCQVFFRkFBT0NBZzhBTUlJQ0NnS0NBZ0VBeFFxZ0hjMUJPaTdZeFBMQTY2ek8KR2NpL2QzNklDNmNUMm1OZGxOU0pycWQ1MDBvU2N5ajRTYkpCYVlJU1hzbGhSZzhQbkFhSWVBTCszSFVXeWtlTApxSmdHZnIzVU1GZkVUTktVdUo1UGg5Y0lXR3cyaFdhSXVkem9nU2Rpc21qemNVM1lYZEJ2RjJtUTBOaTJ4RGw5Ckp6c3VBUmgxMURxVXZNY1JTVmZKSlJGWWwzRS9ISzgvb3paT1F5S3Z1dkZrb1E3Q1hpMWw2K1cwTGJ3bG0xMW0KczFiM3hpVFpWb2dwRUlHZTE5NUdGcTFOZTF0N2FXMVFvMjgrc3JKVmxqZTZESzBBRVFHdjQ1ZnBBMkw4UUhoOApjNnIrYUNpWUFiY0FyTitkOHd0cGFpRDM2MlZXK2xiRTZFVXBWVVl6S3ZKZlVHaFdncHFjWUdGdnRMdzhIOGZvCkV4S0N2U1VNaWZZQzlTMGVMR2x2MXNzN2M3ZVBLbGRkcUs0cnFoQzlPN3hPQmhueWtaTzdROXRZSWRyOXRWWTEKaERaMGxmb0JMMHpsNmt2TW5DWVdENElSYjg2Rmx0WDFxc2NUc1BSZjcyeElGV3FTdGE2QkFISlkreHJiQVZmMwpyM285OUxESU01emVOTjlPR3NHSFZnUnZKRUh2cjVoakZmUTFiREtTc2tLbUQyYnBTNEZoOEpPdGpTRjgzVEJNClBPR3hWYzY0Z090VTdBZzRieU1CMndodlE3L0s1ZHlhamVOOHJPODQxOGF4T3RlTkIybG80WEtOVHZna0w3ZUcKNThUVzVHK21zWjJ1SE1PekZnSE5jTERoNXFTK2dwRW5NN3BFdHRaVlJkZDl4TGYxY1dLTDNoRExNalBRQ0poeQo1MWpqWFF1OEM0clpnb3FKOUQwL0VTOENBd0VBQWFOV01GUXdEZ1lEVlIwUEFRSC9CQVFEQWdXZ01CTUdBMVVkCkpRUU1NQW9HQ0NzR0FRVUZCd01DTUF3R0ExVWRFd0VCL3dRQ01BQXdId1lEVlIwakJCZ3dGb0FVUzBtR0MwcWQKOFVHaTFROWFCWklkWHdZaDJnQXdEUVlKS29aSWh2Y05BUUVMQlFBRGdnSUJBQ0NFS2VoY0RTOWJlc2J2RUlqbgpsb2FsUDM2TnpxRE9oU3diYjRuWkRxTEl4WkthUjBDc1A0U2FCZUcvbkl4czd3eGF4YmNYMmZxKzRqOXFlK1NzCkoyWXU3aWZCVFNqaU9oaDJzY1UyU2NJLzhRQ0pwOXpxV3d3b2Q0bytjc0hKUXVVQXJJWVg1YlNTRG03UUhhZEEKSCtVOXhuQ3J4SUF5bHAzNGtmdTRHM1VhTSthWHFreFlvT3NtWVNJTWlWaHBBL0FLS3k4NVVWa0ZhbjN0Nmk1cQpDMko5SzN1UzdpUmRjdmdkbXlrbkkxU3BILytUSHNUbmRxYlhJYjRlemJWcUtNa1ZDMGoxQ0hHOXlOVGpHbHFRCnpoY0xLT1pWVTBlRzE5L1pOYVQzdFFEbXFtWnZYbHVoUnZwNXArbGVteWdBRUxtSm96T2xhU21yRE04aVlzVVQKU3cvZFdoeG8wTGNQMUZQMStNNncwejByN2k1TVRFb0Fwd1R5QTZPU1VNSlpJVXhSV3Qwdmhoa3pRMU9vSE4zTwovTkJmNGg4cUV2dHQwT3V0UFNtOFpYZWtqNktrNk93SGlqOXRpbWFRR0N3WlhzamdlemI1ZHZZaVRicTQ2TTlLCmExbjFLcmNUS1BUaVN4Nk9hY1hwaDI3cldUYWtnR3pXc3M3bFpWZnYwTldMZ3dwczkrRUVoSWl3UWlKWHRuQXEKTnhpWEd3Z1NqZ1JRYXhBd2JNR0hBRHkxdzJRUkF0WFoyWkRiQ0lpVWNCUll1TllONzdpVDJseDMyNktuRGlwdgpyZGVwc2ZkM3AzVkJnbDdZQTVSc2hROWVRL1dHeUxyN1lFeTh6VzIxeTNOM29obnExSUpkcFh2ZmdwVURGcnVWCm9yakNFREdkQ3pOaWd0QTZIbmp3dndsQwotLS0tLUVORCBDRVJUSUZJQ0FURS0tLS0tCg==\n    client-key-data: LS0tLS1CRUdJTiBSU0EgUFJJVkFURSBLRVktLS0tLQpNSUlKS0FJQkFBS0NBZ0VBeFFxZ0hjMUJPaTdZeFBMQTY2ek9HY2kvZDM2SUM2Y1QybU5kbE5TSnJxZDUwMG9TCmN5ajRTYkpCYVlJU1hzbGhSZzhQbkFhSWVBTCszSFVXeWtlTHFKZ0dmcjNVTUZmRVROS1V1SjVQaDljSVdHdzIKaFdhSXVkem9nU2Rpc21qemNVM1lYZEJ2RjJtUTBOaTJ4RGw5SnpzdUFSaDExRHFVdk1jUlNWZkpKUkZZbDNFLwpISzgvb3paT1F5S3Z1dkZrb1E3Q1hpMWw2K1cwTGJ3bG0xMW1zMWIzeGlUWlZvZ3BFSUdlMTk1R0ZxMU5lMXQ3CmFXMVFvMjgrc3JKVmxqZTZESzBBRVFHdjQ1ZnBBMkw4UUhoOGM2cithQ2lZQWJjQXJOK2Q4d3RwYWlEMzYyVlcKK2xiRTZFVXBWVVl6S3ZKZlVHaFdncHFjWUdGdnRMdzhIOGZvRXhLQ3ZTVU1pZllDOVMwZUxHbHYxc3M3YzdlUApLbGRkcUs0cnFoQzlPN3hPQmhueWtaTzdROXRZSWRyOXRWWTFoRFowbGZvQkwwemw2a3ZNbkNZV0Q0SVJiODZGCmx0WDFxc2NUc1BSZjcyeElGV3FTdGE2QkFISlkreHJiQVZmM3Izbzk5TERJTTV6ZU5OOU9Hc0dIVmdSdkpFSHYKcjVoakZmUTFiREtTc2tLbUQyYnBTNEZoOEpPdGpTRjgzVEJNUE9HeFZjNjRnT3RVN0FnNGJ5TUIyd2h2UTcvSwo1ZHlhamVOOHJPODQxOGF4T3RlTkIybG80WEtOVHZna0w3ZUc1OFRXNUcrbXNaMnVITU96RmdITmNMRGg1cVMrCmdwRW5NN3BFdHRaVlJkZDl4TGYxY1dLTDNoRExNalBRQ0poeTUxampYUXU4QzRyWmdvcUo5RDAvRVM4Q0F3RUEKQVFLQ0FnRUF1RlJwVjVmVmhsV2U2aGZpakZiYmM5bU43SDZOVE1GZlhEVUtyWmxxdDkzcXBOT3RrTmZwOWg5dworLy8zcVg2Z3BrYWVwcXFoN2d0M1dzdWFwMTdvOHE1Tm5URittRDd5MzU4OEM3M2x6c0ZHQ0Zvcll2NTV0ODVHCkg5UzFpd3VOZWhpRjZiVjh4NTAxSVhzcTkwU0VwVGZDb0xtK09PMFlpY1Y4a1cwek9aOFJqcE1kcEhyNWdIamsKSEFBTi8wZWxpTm5pMFBHTllISkI3V3NPajFxQUloT2d0VmR4am5iUVc2VzI4R0Q2bG1wSGlyZ1pLcFplRXBhVwpROXQ3SDQxQVdtMVpHNC9GZUpkN0gzVHhZR3FXbWlxRDF2THF5T2ZuRk5JWTArNkFEZzJMZ0VZTWFTTFZFQ2pyCk10LzZMQm9UT29oeExicnZ3V1pGZHdHRkNZSWN3bHUrb01aWHViWEdNWjJkMWM3UDZmaGdLM1FrY2hhQXlEeC8KOW1ETGpldm1yb1o1d1ZIcjQ4dEhvYktlZE8zc3pPUXZaUlBGcW9DcDBGdHAzeU1GTXRxOWc4cGxUeWI1eE5yVQpvd3JDRlpndUgzZ3h0YjBjWlRuMExzNEVTTUo4cG1iU0E3WFNXeXdNN2VZTWdyQy85Um9iNVUyajg3QWxpRjJVCldzaC9oaUlPek5MR0h2bG9yT1ZDUjJTL1VHRFlIMHZMTDRjcVhzeFpGS0REYmRDMTF6NHJJbTkvTWtoREtyVXcKOGdWZmIySjdBL3dyaXU1aFRob01wbHg0UTZtSTBlZVRUS2hzeFcyZjBHeFJOOU1oNkRGbzc4QzRqaVR2cDZYUAp5cWMyZmptbDYzODZ2WThHdlQ5M0FnNGxFTnpYbFRBQ2ora0F2aHZaUnNpeFIvakdsQ0VDZ2dFQkFQeHhDYTdOCjc2dllUbFczek9Fem82amtKZlRmTURtS1hva3RzQXZQZk56Q1Robkh2U2srQVVGSS9RT2dPNm8waDcwaUhPRFQKUHZnMUNVYkFsRmFhZS9yV3BLZGdmNXM2VzRjZTJML1FWb3RPdHdwMHI4UUxrLzdQTHBNalh2QlRwd3NiWllobQpGczBXbTg5RHAyZlo3dzNUWGVJSS8vOVNSdXA4WUYxU0pxYk45QmNNUnVpNWZJNzQ1VEdLVmlKMUhSdUQ4d0hICjFFUEZmZkNZTGIyZUtyMlBsdEt4TFl0ZzBtaGdsSmdjZFBjVDJiYWVNbHAzSzcxVmJCZVNjTkJQb2p0cC9MdWkKSW1hR3Y3Z0psc3Q3enUxRXVVclpIV1lVMm9Rd3U2WHM3am56REhVSnFaVEp3bjZHVVNPYUxDUEFkRGY1ZnQ4cAoxQ0ZGbTZxRHRrUXVoTjhDZ2dFQkFNZlJxN0QzdU9DNnphUS9UZ1YwQzNMRk1GSkpJYndKeVR3eDVXd1QvSlVDClpBM3BmK2h3dDhycFd1Zk8wWjdOUkxVSUY2K1FUQ0FMUlltSmIvRDRLY3lFZkdrUFhPc2lGRk5ydnBMeSs0enoKUmhiS0V0VG1VQnc2eGV0YzNOU1RVcUhNcy83TWFQanF2bThoSGQzd28wbVpFMlVhVWRTMmRzZExmSEhQUmFQMwpSeDZoSXgwRVJjL1NSVVhNWGRMbWF5dzQxcE01MEZrMTNDazBkTjgwYWJ6aTFvcWIwYkxiVi80R0RqZWxaRUI5Cnc2UmZuUzFURzJ4Y0hhNW4xSzhOYjB5WldtSFhQeXdidmg1ZjA2WXFzNkpkQmVTNVlIeENFN1Q1MkNrRUp0eGgKSVdmaTUzT01TSkVDMmxYNXJidEtwQWpYcWFmVjNscDRDMExaKzRHR0xiRUNnZ0VBZmNpWktZZWxaM3ZsTkdMYgo3RTU5dXJiTGp1THl0WWtUcDhpakVvOTFTTTVzZWY0RGJCeGdKYmFIazVud2dOT2gyd1MzWFBNRlNrbXE4SjBlCmpMUjNHRHFCV29FRHRFWDB1elFNamk3eUlJRzlSTEYxcnZxUjZJSTFVODFwRGRpd3dDRUxpMVpMQUMvR3ZSU1oKd201ZDVnYXVuZVVjSVkxT2xxSVlwZ2M4Q1J0UUIzZnZrU0J6Unc0UHJZcWZkcFhpUmdhT1BCSGsyMHY1Zjd0ago5enByVTM3TGlQb05sb2hNN3dOSXB5NXV2WG9mbmhYZlF5SmtJZmdCWHhGeHN1b3JETzIzcDRxWEYzMEc1RjJxCnpJTkpUUUpVVFU0M2p0alBOTlRQZTFLK05STzgza2hOUGp6MTgzTmIxS0NLWTlvT1RxRzdyTmk3d1VSYzF5Ni8KeitOYUF3S0NBUUJRM3M3NkJJaFNpOGdHblloYU5La2RmaWtjWkhTK3djY3NFWldrdEVJWm5Lb1o1MUxaSkNWKwpmZ3RJbmkvQWNadEpHVWxjeUszR21raytiTjFkVFZLOWJ6RmE0OWpiWVNPUXo1NkZvc21rTmlFN3YvVDNMVzltCnZYSzAyeFNWQkRzQk9QUHdQNUtNaTVVZkxPd0Zrd3JERXEwQzBqQWtRdVMzckJsbGhsbk5EcHMrRGtGRDBTTGcKQlYzNzdjWmJRTjVITzRtOGREMmFuVzNKVDIydG1HempBWHVMQloxTklmRHU0a3lHd08xZUhJZzkwbVN1bjJBTgo3d29rTittZ0gzUFlNSWlmNkptc3BGM0J0VTdYaFpqR01aZmRCaG5Dc0l1QlIwenc3TGs5b0NJQkJaaGU3M3UvCkZNU0EzMWdzNFB5YWg0NG1XeXh1dVA3MXczdEM1S2RCQW9JQkFIQnVUTndTdE1LUXd3ZHNmcGlscDJSOEtDUTQKQlFtckl6OCs0YXUrWmRUT3llOUxDcUJHbm41L3ppVlFIeU0wWDJ3ZGhWYUxzeHZaN3BrT01mYVVtaFM3VDZzOQpkTzlxYWZaekI5V3pRRDMyK0VaV2lmQXRBQlBZTGJCTFRocWkvaWhUcWVrRytvc2Rwb1lHRXowTjRHS09kNnowCmh1Z1BSQlR1RGEveWRiT1Vub1dUeWtWTjZhZjFxYmNUSTh6K2JHUHRiMThFT0MxSFo4WFQzQlEwSnBhMlc2bG4KSVYzTlRjQkRBSkV2QlR0SXBkMTh6SCtzQUlWeWsxUTlEOFVHSDZOYjNnbXpZaEs5eEN3dloyK1ZURUpoQlRCZAp5c3U5UFpiY1VUN0tDNzBrNk5tSGE5ZUdaUHBQOVRlMWZTaFhsR0trelNwT0NUb1hBT29MR3Myb2FWST0KLS0tLS1FTkQgUlNBIFBSSVZBVEUgS0VZLS0tLS0K\n    token: 8kf108hzkl8kt5wtzt7t3glsap4ho3fmb8hro206oxtblsxc15tvddpimxqb611z1tht4wx7nr8rk2raok64r3i57oqrvm61u92b47scv4n9zlpchizu9nhzz0n3c2zn\n",
            "kubelet_identity": [],
            "kubernetes_version": "1.27.7",
            "linux_profile": [],
            "local_account_disabled": false,
            "location": "westeurope",
            "maintenance_window": [],
            "microsoft_defender": [],
            "monitor_metrics": [],
            "name": "aks-private-cluster",
            "network_profile": [
              {
                "dns_service_ip": "192.168.1.1",
                "docker_bridge_cidr": "",
                "ebpf_data_plane": "",
                "ip_versions": [
                  "IPv4"
                ],
                "load_balancer_profile": [
                  {
                    "effective_outbound_ips": [
                      "/subscriptions/e552225f-29e7-4e9b-bcc1-a1b948e8d004/resourceGroups/MC_rg-private-aks-demo_aks-private-cluster_westeurope/providers/Microsoft.Network/publicIPAddresses/6826f21e-6512-4501-924e-843eded3082f"
                    ],
                    "idle_timeout_in_minutes": 0,
                    "managed_outbound_ip_count": 1,
                    "managed_outbound_ipv6_count": 0,
                    "outbound_ip_address_ids": [],
                    "outbound_ip_prefix_ids": [],
                    "outbound_ports_allocated": 0
                  }
                ],
                "load_balancer_sku": "standard",
                "nat_gateway_profile": [],
                "network_mode": "",
                "network_plugin": "kubenet",
                "network_plugin_mode": "",
                "network_policy": "",
                "outbound_type": "loadBalancer",
                "pod_cidr": "172.16.0.0/22",
                "pod_cidrs": [
                  "172.16.0.0/22"
                ],
                "service_cidr": "192.168.0.0/16",
                "service_cidrs": [
                  "192.168.0.0/16"
                ]
              }
            ],
            "node_os_channel_upgrade": "",
            "node_resource_group": "MC_rg-private-aks-demo_aks-private-cluster_westeurope",
            "node_resource_group_id": "/subscriptions/e552225f-29e7-4e9b-bcc1-a1b948e8d004/resourceGroups/MC_rg-private-aks-demo_aks-private-cluster_westeurope",
            "oidc_issuer_enabled": false,
            "oidc_issuer_url": "",
            "oms_agent": [],
            "open_service_mesh_enabled": null,
            "portal_fqdn": "faeddbb6c445a8a392947e2f107d329f-priv.portal.hcp.westeurope.azmk8s.io",
            "private_cluster_enabled": true,
            "private_cluster_public_fqdn_enabled": false,
            "private_dns_zone_id": "System",
            "private_fqdn": "aks-cluster-ue5s1cb6.cb0aaf84-a438-46ea-b7f5-29f991243e08.privatelink.westeurope.azmk8s.io",
            "public_network_access_enabled": true,
            "resource_group_name": "rg-private-aks-demo",
            "role_based_access_control_enabled": true,
            "run_command_enabled": true,
            "service_mesh_profile": [],
            "service_principal": [
              {
                "client_id": "e2602892-e0a9-4f86-91de-b6a570414d2e",
                "client_secret": "yZi8Q~AZ6C9BxPS~cDFrDwrvkd9te9~BLxXkVa83"
              }
            ],
            "sku_tier": "Free",
            "storage_profile": [],
            "tags": null,
            "timeouts": null,
            "web_app_routing": [],
            "windows_profile": [],
            "workload_autoscaler_profile": [],
            "workload_identity_enabled": false
          },
          "sensitive_attributes": [],
          "private": "eyJlMmJmYjczMC1lY2FhLTExZTYtOGY4OC0zNDM2M2JjN2M0YzAiOnsiY3JlYXRlIjo1NDAwMDAwMDAwMDAwLCJkZWxldGUiOjU0MDAwMDAwMDAwMDAsInJlYWQiOjMwMDAwMDAwMDAwMCwidXBkYXRlIjo1NDAwMDAwMDAwMDAwfSwic2NoZW1hX3ZlcnNpb24iOiIyIn0=",
          "dependencies": [
            "azurerm_resource_group.my_rg",
            "azurerm_subnet.snet_cluster",
            "azurerm_virtual_network.vnet_cluster"
          ]
        }
      ]
    },
    {
      "mode": "managed",
      "type": "azurerm_linux_virtual_machine",
      "name": "example",
      "provider": "provider[\"registry.terraform.io/hashicorp/azurerm\"]",
      "instances": [
        {
          "schema_version": 0,
          "attributes": {
            "additional_capabilities": [],
            "admin_password": "@Khilsathyan20",
            "admin_ssh_key": [],
            "admin_username": "akhil.sathyan@yandex.com",
            "allow_extension_operations": true,
            "availability_set_id": "",
            "boot_diagnostics": [],
            "capacity_reservation_group_id": "",
            "computer_name": "vm-bastion",
            "custom_data": null,
            "dedicated_host_group_id": "",
            "dedicated_host_id": "",
            "disable_password_authentication": false,
            "edge_zone": "",
            "encryption_at_host_enabled": false,
            "eviction_policy": "",
            "extensions_time_budget": "PT1H30M",
            "gallery_application": [],
            "id": "/subscriptions/e552225f-29e7-4e9b-bcc1-a1b948e8d004/resourceGroups/rg-private-aks-demo/providers/Microsoft.Compute/virtualMachines/vm-bastion",
            "identity": [],
            "license_type": "",
            "location": "westeurope",
            "max_bid_price": -1,
            "name": "vm-bastion",
            "network_interface_ids": [
              "/subscriptions/e552225f-29e7-4e9b-bcc1-a1b948e8d004/resourceGroups/rg-private-aks-demo/providers/Microsoft.Network/networkInterfaces/nic-bastion"
            ],
            "os_disk": [
              {
                "caching": "ReadWrite",
                "diff_disk_settings": [],
                "disk_encryption_set_id": "",
                "disk_size_gb": 30,
                "name": "vm-bastion_OsDisk_1_55c22939c9914bb58d33a163ffbca2e4",
                "secure_vm_disk_encryption_set_id": "",
                "security_encryption_type": "",
                "storage_account_type": "Standard_LRS",
                "write_accelerator_enabled": false
              }
            ],
            "patch_assessment_mode": "ImageDefault",
            "patch_mode": "ImageDefault",
            "plan": [],
            "platform_fault_domain": -1,
            "priority": "Regular",
            "private_ip_address": "10.0.0.4",
            "private_ip_addresses": [
              "10.0.0.4"
            ],
            "provision_vm_agent": true,
            "proximity_placement_group_id": "",
            "public_ip_address": "",
            "public_ip_addresses": [],
            "resource_group_name": "rg-private-aks-demo",
            "secret": [],
            "secure_boot_enabled": false,
            "size": "Standard_D2_v2",
            "source_image_id": "",
            "source_image_reference": [
              {
                "offer": "UbuntuServer",
                "publisher": "Canonical",
                "sku": "16.04-LTS",
                "version": "latest"
              }
            ],
            "tags": null,
            "termination_notification": null,
            "timeouts": null,
            "user_data": "",
            "virtual_machine_id": "035e4d55-df77-4fa6-9cbf-7a5cf4fd058b",
            "virtual_machine_scale_set_id": "",
            "vtpm_enabled": false,
            "zone": ""
          },
          "sensitive_attributes": [],
          "private": "eyJlMmJmYjczMC1lY2FhLTExZTYtOGY4OC0zNDM2M2JjN2M0YzAiOnsiY3JlYXRlIjoyNzAwMDAwMDAwMDAwLCJkZWxldGUiOjI3MDAwMDAwMDAwMDAsInJlYWQiOjMwMDAwMDAwMDAwMCwidXBkYXRlIjoyNzAwMDAwMDAwMDAwfX0=",
          "dependencies": [
            "azurerm_network_interface.bastion_nic",
            "azurerm_resource_group.my_rg",
            "azurerm_subnet.snet_bastion_vm",
            "azurerm_virtual_network.vnet_bastion"
          ]
        }
      ]
    },
    {
      "mode": "managed",
      "type": "azurerm_network_interface",
      "name": "bastion_nic",
      "provider": "provider[\"registry.terraform.io/hashicorp/azurerm\"]",
      "instances": [
        {
          "schema_version": 0,
          "attributes": {
            "applied_dns_servers": [],
            "dns_servers": [],
            "edge_zone": "",
            "enable_accelerated_networking": false,
            "enable_ip_forwarding": false,
            "id": "/subscriptions/e552225f-29e7-4e9b-bcc1-a1b948e8d004/resourceGroups/rg-private-aks-demo/providers/Microsoft.Network/networkInterfaces/nic-bastion",
            "internal_dns_name_label": "",
            "internal_domain_name_suffix": "x5o0faem0hyuxml35qi1pcbwjg.ax.internal.cloudapp.net",
            "ip_configuration": [
              {
                "gateway_load_balancer_frontend_ip_configuration_id": "",
                "name": "internal",
                "primary": true,
                "private_ip_address": "10.0.0.4",
                "private_ip_address_allocation": "Dynamic",
                "private_ip_address_version": "IPv4",
                "public_ip_address_id": "",
                "subnet_id": "/subscriptions/e552225f-29e7-4e9b-bcc1-a1b948e8d004/resourceGroups/rg-private-aks-demo/providers/Microsoft.Network/virtualNetworks/vnet-bastion-demo/subnets/snet-bastion-demo"
              }
            ],
            "location": "westeurope",
            "mac_address": "",
            "name": "nic-bastion",
            "private_ip_address": "10.0.0.4",
            "private_ip_addresses": [
              "10.0.0.4"
            ],
            "resource_group_name": "rg-private-aks-demo",
            "tags": null,
            "timeouts": null,
            "virtual_machine_id": ""
          },
          "sensitive_attributes": [],
          "private": "eyJlMmJmYjczMC1lY2FhLTExZTYtOGY4OC0zNDM2M2JjN2M0YzAiOnsiY3JlYXRlIjoxODAwMDAwMDAwMDAwLCJkZWxldGUiOjE4MDAwMDAwMDAwMDAsInJlYWQiOjMwMDAwMDAwMDAwMCwidXBkYXRlIjoxODAwMDAwMDAwMDAwfX0=",
          "dependencies": [
            "azurerm_resource_group.my_rg",
            "azurerm_subnet.snet_bastion_vm",
            "azurerm_virtual_network.vnet_bastion"
          ]
        }
      ]
    },
    {
      "mode": "managed",
      "type": "azurerm_private_dns_zone_virtual_network_link",
      "name": "link_bastion_cluster",
      "provider": "provider[\"registry.terraform.io/hashicorp/azurerm\"]",
      "instances": [
        {
          "schema_version": 0,
          "attributes": {
            "id": "/subscriptions/e552225f-29e7-4e9b-bcc1-a1b948e8d004/resourceGroups/MC_rg-private-aks-demo_aks-private-cluster_westeurope/providers/Microsoft.Network/privateDnsZones/cb0aaf84-a438-46ea-b7f5-29f991243e08.privatelink.westeurope.azmk8s.io/virtualNetworkLinks/dnslink-bastion-cluster",
            "name": "dnslink-bastion-cluster",
            "private_dns_zone_name": "cb0aaf84-a438-46ea-b7f5-29f991243e08.privatelink.westeurope.azmk8s.io",
            "registration_enabled": false,
            "resource_group_name": "MC_rg-private-aks-demo_aks-private-cluster_westeurope",
            "tags": null,
            "timeouts": null,
            "virtual_network_id": "/subscriptions/e552225f-29e7-4e9b-bcc1-a1b948e8d004/resourceGroups/rg-private-aks-demo/providers/Microsoft.Network/virtualNetworks/vnet-bastion-demo"
          },
          "sensitive_attributes": [],
          "private": "eyJlMmJmYjczMC1lY2FhLTExZTYtOGY4OC0zNDM2M2JjN2M0YzAiOnsiY3JlYXRlIjoxODAwMDAwMDAwMDAwLCJkZWxldGUiOjE4MDAwMDAwMDAwMDAsInJlYWQiOjMwMDAwMDAwMDAwMCwidXBkYXRlIjoxODAwMDAwMDAwMDAwfX0=",
          "dependencies": [
            "azurerm_kubernetes_cluster.my_aks",
            "azurerm_resource_group.my_rg",
            "azurerm_subnet.snet_cluster",
            "azurerm_virtual_network.vnet_bastion",
            "azurerm_virtual_network.vnet_cluster"
          ]
        }
      ]
    },
    {
      "mode": "managed",
      "type": "azurerm_public_ip",
      "name": "pip_azure_bastion",
      "provider": "provider[\"registry.terraform.io/hashicorp/azurerm\"]",
      "instances": [
        {
          "schema_version": 0,
          "attributes": {
            "allocation_method": "Static",
            "ddos_protection_mode": "VirtualNetworkInherited",
            "ddos_protection_plan_id": null,
            "domain_name_label": null,
            "edge_zone": "",
            "fqdn": null,
            "id": "/subscriptions/e552225f-29e7-4e9b-bcc1-a1b948e8d004/resourceGroups/rg-private-aks-demo/providers/Microsoft.Network/publicIPAddresses/pip-azure-bastion",
            "idle_timeout_in_minutes": 4,
            "ip_address": "51.145.253.0",
            "ip_tags": null,
            "ip_version": "IPv4",
            "location": "westeurope",
            "name": "pip-azure-bastion",
            "public_ip_prefix_id": null,
            "resource_group_name": "rg-private-aks-demo",
            "reverse_fqdn": null,
            "sku": "Standard",
            "sku_tier": "Regional",
            "tags": null,
            "timeouts": null,
            "zones": null
          },
          "sensitive_attributes": [],
          "private": "eyJlMmJmYjczMC1lY2FhLTExZTYtOGY4OC0zNDM2M2JjN2M0YzAiOnsiY3JlYXRlIjoxODAwMDAwMDAwMDAwLCJkZWxldGUiOjE4MDAwMDAwMDAwMDAsInJlYWQiOjMwMDAwMDAwMDAwMCwidXBkYXRlIjoxODAwMDAwMDAwMDAwfX0=",
          "dependencies": [
            "azurerm_resource_group.my_rg"
          ]
        }
      ]
    },
    {
      "mode": "managed",
      "type": "azurerm_resource_group",
      "name": "my_rg",
      "provider": "provider[\"registry.terraform.io/hashicorp/azurerm\"]",
      "instances": [
        {
          "schema_version": 0,
          "attributes": {
            "id": "/subscriptions/e552225f-29e7-4e9b-bcc1-a1b948e8d004/resourceGroups/rg-private-aks-demo",
            "location": "westeurope",
            "name": "rg-private-aks-demo",
            "tags": null,
            "timeouts": null
          },
          "sensitive_attributes": [],
          "private": "eyJlMmJmYjczMC1lY2FhLTExZTYtOGY4OC0zNDM2M2JjN2M0YzAiOnsiY3JlYXRlIjo1NDAwMDAwMDAwMDAwLCJkZWxldGUiOjU0MDAwMDAwMDAwMDAsInJlYWQiOjMwMDAwMDAwMDAwMCwidXBkYXRlIjo1NDAwMDAwMDAwMDAwfX0="
        }
      ]
    },
    {
      "mode": "managed",
      "type": "azurerm_subnet",
      "name": "snet_azure_bastion_service",
      "provider": "provider[\"registry.terraform.io/hashicorp/azurerm\"]",
      "instances": [
        {
          "schema_version": 0,
          "attributes": {
            "address_prefixes": [
              "10.0.1.0/24"
            ],
            "delegation": [],
            "enforce_private_link_endpoint_network_policies": false,
            "enforce_private_link_service_network_policies": false,
            "id": "/subscriptions/e552225f-29e7-4e9b-bcc1-a1b948e8d004/resourceGroups/rg-private-aks-demo/providers/Microsoft.Network/virtualNetworks/vnet-bastion-demo/subnets/AzureBastionSubnet",
            "name": "AzureBastionSubnet",
            "private_endpoint_network_policies_enabled": true,
            "private_link_service_network_policies_enabled": true,
            "resource_group_name": "rg-private-aks-demo",
            "service_endpoint_policy_ids": null,
            "service_endpoints": null,
            "timeouts": null,
            "virtual_network_name": "vnet-bastion-demo"
          },
          "sensitive_attributes": [],
          "private": "eyJlMmJmYjczMC1lY2FhLTExZTYtOGY4OC0zNDM2M2JjN2M0YzAiOnsiY3JlYXRlIjoxODAwMDAwMDAwMDAwLCJkZWxldGUiOjE4MDAwMDAwMDAwMDAsInJlYWQiOjMwMDAwMDAwMDAwMCwidXBkYXRlIjoxODAwMDAwMDAwMDAwfX0=",
          "dependencies": [
            "azurerm_resource_group.my_rg",
            "azurerm_virtual_network.vnet_bastion"
          ]
        }
      ]
    },
    {
      "mode": "managed",
      "type": "azurerm_subnet",
      "name": "snet_bastion_vm",
      "provider": "provider[\"registry.terraform.io/hashicorp/azurerm\"]",
      "instances": [
        {
          "schema_version": 0,
          "attributes": {
            "address_prefixes": [
              "10.0.0.0/24"
            ],
            "delegation": [],
            "enforce_private_link_endpoint_network_policies": false,
            "enforce_private_link_service_network_policies": false,
            "id": "/subscriptions/e552225f-29e7-4e9b-bcc1-a1b948e8d004/resourceGroups/rg-private-aks-demo/providers/Microsoft.Network/virtualNetworks/vnet-bastion-demo/subnets/snet-bastion-demo",
            "name": "snet-bastion-demo",
            "private_endpoint_network_policies_enabled": true,
            "private_link_service_network_policies_enabled": true,
            "resource_group_name": "rg-private-aks-demo",
            "service_endpoint_policy_ids": null,
            "service_endpoints": null,
            "timeouts": null,
            "virtual_network_name": "vnet-bastion-demo"
          },
          "sensitive_attributes": [],
          "private": "eyJlMmJmYjczMC1lY2FhLTExZTYtOGY4OC0zNDM2M2JjN2M0YzAiOnsiY3JlYXRlIjoxODAwMDAwMDAwMDAwLCJkZWxldGUiOjE4MDAwMDAwMDAwMDAsInJlYWQiOjMwMDAwMDAwMDAwMCwidXBkYXRlIjoxODAwMDAwMDAwMDAwfX0=",
          "dependencies": [
            "azurerm_resource_group.my_rg",
            "azurerm_virtual_network.vnet_bastion"
          ]
        }
      ]
    },
    {
      "mode": "managed",
      "type": "azurerm_subnet",
      "name": "snet_cluster",
      "provider": "provider[\"registry.terraform.io/hashicorp/azurerm\"]",
      "instances": [
        {
          "schema_version": 0,
          "attributes": {
            "address_prefixes": [
              "10.1.0.0/24"
            ],
            "delegation": [],
            "enforce_private_link_endpoint_network_policies": false,
            "enforce_private_link_service_network_policies": false,
            "id": "/subscriptions/e552225f-29e7-4e9b-bcc1-a1b948e8d004/resourceGroups/rg-private-aks-demo/providers/Microsoft.Network/virtualNetworks/vnet-private-aks-demo/subnets/snet-private-aks-demo",
            "name": "snet-private-aks-demo",
            "private_endpoint_network_policies_enabled": true,
            "private_link_service_network_policies_enabled": true,
            "resource_group_name": "rg-private-aks-demo",
            "service_endpoint_policy_ids": null,
            "service_endpoints": null,
            "timeouts": null,
            "virtual_network_name": "vnet-private-aks-demo"
          },
          "sensitive_attributes": [],
          "private": "eyJlMmJmYjczMC1lY2FhLTExZTYtOGY4OC0zNDM2M2JjN2M0YzAiOnsiY3JlYXRlIjoxODAwMDAwMDAwMDAwLCJkZWxldGUiOjE4MDAwMDAwMDAwMDAsInJlYWQiOjMwMDAwMDAwMDAwMCwidXBkYXRlIjoxODAwMDAwMDAwMDAwfX0=",
          "dependencies": [
            "azurerm_resource_group.my_rg",
            "azurerm_virtual_network.vnet_cluster"
          ]
        }
      ]
    },
    {
      "mode": "managed",
      "type": "azurerm_virtual_network",
      "name": "vnet_bastion",
      "provider": "provider[\"registry.terraform.io/hashicorp/azurerm\"]",
      "instances": [
        {
          "schema_version": 0,
          "attributes": {
            "address_space": [
              "10.0.0.0/16"
            ],
            "bgp_community": "",
            "ddos_protection_plan": [],
            "dns_servers": [],
            "edge_zone": "",
            "flow_timeout_in_minutes": 0,
            "guid": "80a2ddbf-d18c-4bf1-b17d-fc11b788364e",
            "id": "/subscriptions/e552225f-29e7-4e9b-bcc1-a1b948e8d004/resourceGroups/rg-private-aks-demo/providers/Microsoft.Network/virtualNetworks/vnet-bastion-demo",
            "location": "westeurope",
            "name": "vnet-bastion-demo",
            "resource_group_name": "rg-private-aks-demo",
            "subnet": [],
            "tags": null,
            "timeouts": null
          },
          "sensitive_attributes": [],
          "private": "eyJlMmJmYjczMC1lY2FhLTExZTYtOGY4OC0zNDM2M2JjN2M0YzAiOnsiY3JlYXRlIjoxODAwMDAwMDAwMDAwLCJkZWxldGUiOjE4MDAwMDAwMDAwMDAsInJlYWQiOjMwMDAwMDAwMDAwMCwidXBkYXRlIjoxODAwMDAwMDAwMDAwfX0=",
          "dependencies": [
            "azurerm_resource_group.my_rg"
          ]
        }
      ]
    },
    {
      "mode": "managed",
      "type": "azurerm_virtual_network",
      "name": "vnet_cluster",
      "provider": "provider[\"registry.terraform.io/hashicorp/azurerm\"]",
      "instances": [
        {
          "schema_version": 0,
          "attributes": {
            "address_space": [
              "10.1.0.0/16"
            ],
            "bgp_community": "",
            "ddos_protection_plan": [],
            "dns_servers": [],
            "edge_zone": "",
            "flow_timeout_in_minutes": 0,
            "guid": "5695389c-a64b-4b07-878c-80e4a3a8f08b",
            "id": "/subscriptions/e552225f-29e7-4e9b-bcc1-a1b948e8d004/resourceGroups/rg-private-aks-demo/providers/Microsoft.Network/virtualNetworks/vnet-private-aks-demo",
            "location": "westeurope",
            "name": "vnet-private-aks-demo",
            "resource_group_name": "rg-private-aks-demo",
            "subnet": [],
            "tags": null,
            "timeouts": null
          },
          "sensitive_attributes": [],
          "private": "eyJlMmJmYjczMC1lY2FhLTExZTYtOGY4OC0zNDM2M2JjN2M0YzAiOnsiY3JlYXRlIjoxODAwMDAwMDAwMDAwLCJkZWxldGUiOjE4MDAwMDAwMDAwMDAsInJlYWQiOjMwMDAwMDAwMDAwMCwidXBkYXRlIjoxODAwMDAwMDAwMDAwfX0=",
          "dependencies": [
            "azurerm_resource_group.my_rg"
          ]
        }
      ]
    },
    {
      "mode": "managed",
      "type": "azurerm_virtual_network_peering",
      "name": "peering_bastion_cluster",
      "provider": "provider[\"registry.terraform.io/hashicorp/azurerm\"]",
      "instances": [
        {
          "schema_version": 0,
          "attributes": {
            "allow_forwarded_traffic": false,
            "allow_gateway_transit": false,
            "allow_virtual_network_access": true,
            "id": "/subscriptions/e552225f-29e7-4e9b-bcc1-a1b948e8d004/resourceGroups/rg-private-aks-demo/providers/Microsoft.Network/virtualNetworks/vnet-bastion-demo/virtualNetworkPeerings/peering_bastion_cluster",
            "name": "peering_bastion_cluster",
            "remote_virtual_network_id": "/subscriptions/e552225f-29e7-4e9b-bcc1-a1b948e8d004/resourceGroups/rg-private-aks-demo/providers/Microsoft.Network/virtualNetworks/vnet-private-aks-demo",
            "resource_group_name": "rg-private-aks-demo",
            "timeouts": null,
            "triggers": null,
            "use_remote_gateways": false,
            "virtual_network_name": "vnet-bastion-demo"
          },
          "sensitive_attributes": [],
          "private": "eyJlMmJmYjczMC1lY2FhLTExZTYtOGY4OC0zNDM2M2JjN2M0YzAiOnsiY3JlYXRlIjoxODAwMDAwMDAwMDAwLCJkZWxldGUiOjE4MDAwMDAwMDAwMDAsInJlYWQiOjMwMDAwMDAwMDAwMCwidXBkYXRlIjoxODAwMDAwMDAwMDAwfX0=",
          "dependencies": [
            "azurerm_resource_group.my_rg",
            "azurerm_virtual_network.vnet_bastion",
            "azurerm_virtual_network.vnet_cluster"
          ]
        }
      ]
    },
    {
      "mode": "managed",
      "type": "azurerm_virtual_network_peering",
      "name": "peering_cluster_bastion",
      "provider": "provider[\"registry.terraform.io/hashicorp/azurerm\"]",
      "instances": [
        {
          "schema_version": 0,
          "attributes": {
            "allow_forwarded_traffic": false,
            "allow_gateway_transit": false,
            "allow_virtual_network_access": true,
            "id": "/subscriptions/e552225f-29e7-4e9b-bcc1-a1b948e8d004/resourceGroups/rg-private-aks-demo/providers/Microsoft.Network/virtualNetworks/vnet-private-aks-demo/virtualNetworkPeerings/peering_cluster_bastion",
            "name": "peering_cluster_bastion",
            "remote_virtual_network_id": "/subscriptions/e552225f-29e7-4e9b-bcc1-a1b948e8d004/resourceGroups/rg-private-aks-demo/providers/Microsoft.Network/virtualNetworks/vnet-bastion-demo",
            "resource_group_name": "rg-private-aks-demo",
            "timeouts": null,
            "triggers": null,
            "use_remote_gateways": false,
            "virtual_network_name": "vnet-private-aks-demo"
          },
          "sensitive_attributes": [],
          "private": "eyJlMmJmYjczMC1lY2FhLTExZTYtOGY4OC0zNDM2M2JjN2M0YzAiOnsiY3JlYXRlIjoxODAwMDAwMDAwMDAwLCJkZWxldGUiOjE4MDAwMDAwMDAwMDAsInJlYWQiOjMwMDAwMDAwMDAwMCwidXBkYXRlIjoxODAwMDAwMDAwMDAwfX0=",
          "dependencies": [
            "azurerm_resource_group.my_rg",
            "azurerm_virtual_network.vnet_bastion",
            "azurerm_virtual_network.vnet_cluster"
          ]
        }
      ]
    }
  ],
  "check_results": null
}
